
Microsoft Visual Studio Solution File, Format Version 12.00
# Visual Studio Version 17
VisualStudioVersion = 17.9.34728.123
MinimumVisualStudioVersion = 10.0.40219.1
Project("{FAE04EC0-301F-11D3-BF4B-00C04F79EFBC}") = "BlazorCarbonCharts", "BlazorCarbonCharts\BlazorCarbonCharts.csproj", "{CA167427-D17B-49FA-91A8-CE6259E097EB}"
EndProject
Project("{2150E333-8FDC-42A3-9474-1A3956D46DE8}") = "Stories", "Stories", "{C0BAADC7-9204-469E-A680-C3CB9B998C0F}"
EndProject
Project("{FAE04EC0-301F-11D3-BF4B-00C04F79EFBC}") = "BlazorCarbonCharts.Stories.Shared", "BlazorCarbonCharts.Stories.Shared\BlazorCarbonCharts.Stories.Shared.csproj", "{D444D9E9-09FC-4C14-9B1C-75A825B47AB5}"
EndProject
Project("{FAE04EC0-301F-11D3-BF4B-00C04F79EFBC}") = "BlazorCarbonCharts.Stories.Wasm", "BlazorCarbonCharts.Stories.Wasm\BlazorCarbonCharts.Stories.Wasm.csproj", "{901C8E32-2556-4EFD-BB2B-DEF35D191B8B}"
EndProject
Project("{FAE04EC0-301F-11D3-BF4B-00C04F79EFBC}") = "BlazorCarbonCharts.Stories.Server", "BlazorCarbonCharts.Stories.Server\BlazorCarbonCharts.Stories.Server.csproj", "{C86FBD3F-D1A5-4140-8710-777BADFB59BD}"
EndProject
Global
	GlobalSection(SolutionConfigurationPlatforms) = preSolution
		Debug|Any CPU = Debug|Any CPU
		Release|Any CPU = Release|Any CPU
	EndGlobalSection
	GlobalSection(ProjectConfigurationPlatforms) = postSolution
		{CA167427-D17B-49FA-91A8-CE6259E097EB}.Debug|Any CPU.ActiveCfg = Debug|Any CPU
		{CA167427-D17B-49FA-91A8-CE6259E097EB}.Debug|Any CPU.Build.0 = Debug|Any CPU
		{CA167427-D17B-49FA-91A8-CE6259E097EB}.Release|Any CPU.ActiveCfg = Release|Any CPU
		{CA167427-D17B-49FA-91A8-CE6259E097EB}.Release|Any CPU.Build.0 = Release|Any CPU
		{D444D9E9-09FC-4C14-9B1C-75A825B47AB5}.Debug|Any CPU.ActiveCfg = Debug|Any CPU
		{D444D9E9-09FC-4C14-9B1C-75A825B47AB5}.Debug|Any CPU.Build.0 = Debug|Any CPU
		{D444D9E9-09FC-4C14-9B1C-75A825B47AB5}.Release|Any CPU.ActiveCfg = Release|Any CPU
		{D444D9E9-09FC-4C14-9B1C-75A825B47AB5}.Release|Any CPU.Build.0 = Release|Any CPU
		{901C8E32-2556-4EFD-BB2B-DEF35D191B8B}.Debug|Any CPU.ActiveCfg = Debug|Any CPU
		{901C8E32-2556-4EFD-BB2B-DEF35D191B8B}.Debug|Any CPU.Build.0 = Debug|Any CPU
		{901C8E32-2556-4EFD-BB2B-DEF35D191B8B}.Release|Any CPU.ActiveCfg = Release|Any CPU
		{901C8E32-2556-4EFD-BB2B-DEF35D191B8B}.Release|Any CPU.Build.0 = Release|Any CPU
		{C86FBD3F-D1A5-4140-8710-777BADFB59BD}.Debug|Any CPU.ActiveCfg = Debug|Any CPU
		{C86FBD3F-D1A5-4140-8710-777BADFB59BD}.Debug|Any CPU.Build.0 = Debug|Any CPU
		{C86FBD3F-D1A5-4140-8710-777BADFB59BD}.Release|Any CPU.ActiveCfg = Release|Any CPU
		{C86FBD3F-D1A5-4140-8710-777BADFB59BD}.Release|Any CPU.Build.0 = Release|Any CPU
	EndGlobalSection
	GlobalSection(SolutionProperties) = preSolution
		HideSolutionNode = FALSE
	EndGlobalSection
	GlobalSection(NestedProjects) = preSolution
		{D444D9E9-09FC-4C14-9B1C-75A825B47AB5} = {C0BAADC7-9204-469E-A680-C3CB9B998C0F}
		{901C8E32-2556-4EFD-BB2B-DEF35D191B8B} = {C0BAADC7-9204-469E-A680-C3CB9B998C0F}
		{C86FBD3F-D1A5-4140-8710-777BADFB59BD} = {C0BAADC7-9204-469E-A680-C3CB9B998C0F}
	EndGlobalSection
	GlobalSection(ExtensibilityGlobals) = postSolution
		SolutionGuid = {3E86AD8B-271D-4011-8E73-F37E929010B8}
	EndGlobalSection
EndGlobal
